// !$*UTF8*$!
{
	archiveVersion = 1;
	classes = {
	};
	objectVersion = 56;
	objects = {

/* Begin PBXBuildFile section */
		3DFCA4CB29B0912500D23E81 /* hackathon_appApp.swift in Sources */ = {isa = PBXBuildFile; fileRef = 3DFCA4CA29B0912500D23E81 /* hackathon_appApp.swift */; };
		3DFCA4CD29B0912500D23E81 /* ContentView.swift in Sources */ = {isa = PBXBuildFile; fileRef = 3DFCA4CC29B0912500D23E81 /* ContentView.swift */; };
		3DFCA4CF29B0912600D23E81 /* Assets.xcassets in Resources */ = {isa = PBXBuildFile; fileRef = 3DFCA4CE29B0912600D23E81 /* Assets.xcassets */; };
		3DFCA4D229B0912600D23E81 /* Preview Assets.xcassets in Resources */ = {isa = PBXBuildFile; fileRef = 3DFCA4D129B0912600D23E81 /* Preview Assets.xcassets */; };
		3DFCA4DC29B0912600D23E81 /* hackathon_appTests.swift in Sources */ = {isa = PBXBuildFile; fileRef = 3DFCA4DB29B0912600D23E81 /* hackathon_appTests.swift */; };
		3DFCA4E629B0912600D23E81 /* hackathon_appUITests.swift in Sources */ = {isa = PBXBuildFile; fileRef = 3DFCA4E529B0912600D23E81 /* hackathon_appUITests.swift */; };
		3DFCA4E829B0912600D23E81 /* hackathon_appUITestsLaunchTests.swift in Sources */ = {isa = PBXBuildFile; fileRef = 3DFCA4E729B0912600D23E81 /* hackathon_appUITestsLaunchTests.swift */; };
/* End PBXBuildFile section */

/* Begin PBXContainerItemProxy section */
		3DFCA4D829B0912600D23E81 /* PBXContainerItemProxy */ = {
			isa = PBXContainerItemProxy;
			containerPortal = 3DFCA4BF29B0912400D23E81 /* Project object */;
			proxyType = 1;
			remoteGlobalIDString = 3DFCA4C629B0912500D23E81;
			remoteInfo = "hackathon-app";
		};
		3DFCA4E229B0912600D23E81 /* PBXContainerItemProxy */ = {
			isa = PBXContainerItemProxy;
			containerPortal = 3DFCA4BF29B0912400D23E81 /* Project object */;
			proxyType = 1;
			remoteGlobalIDString = 3DFCA4C629B0912500D23E81;
			remoteInfo = "hackathon-app";
		};
/* End PBXContainerItemProxy section */

/* Begin PBXFileReference section */
		3DFCA4C729B0912500D23E81 /* hackathon-app.app */ = {isa = PBXFileReference; explicitFileType = wrapper.application; includeInIndex = 0; path = "hackathon-app.app"; sourceTree = BUILT_PRODUCTS_DIR; };
		3DFCA4CA29B0912500D23E81 /* hackathon_appApp.swift */ = {isa = PBXFileReference; lastKnownFileType = sourcecode.swift; path = hackathon_appApp.swift; sourceTree = "<group>"; };
		3DFCA4CC29B0912500D23E81 /* ContentView.swift */ = {isa = PBXFileReference; lastKnownFileType = sourcecode.swift; path = ContentView.swift; sourceTree = "<group>"; };
		3DFCA4CE29B0912600D23E81 /* Assets.xcassets */ = {isa = PBXFileReference; lastKnownFileType = folder.assetcatalog; path = Assets.xcassets; sourceTree = "<group>"; };
		3DFCA4D129B0912600D23E81 /* Preview Assets.xcassets */ = {isa = PBXFileReference; lastKnownFileType = folder.assetcatalog; path = "Preview Assets.xcassets"; sourceTree = "<group>"; };
		3DFCA4D729B0912600D23E81 /* hackathon-appTests.xctest */ = {isa = PBXFileReference; explicitFileType = wrapper.cfbundle; includeInIndex = 0; path = "hackathon-appTests.xctest"; sourceTree = BUILT_PRODUCTS_DIR; };
		3DFCA4DB29B0912600D23E81 /* hackathon_appTests.swift */ = {isa = PBXFileReference; lastKnownFileType = sourcecode.swift; path = hackathon_appTests.swift; sourceTree = "<group>"; };
		3DFCA4E129B0912600D23E81 /* hackathon-appUITests.xctest */ = {isa = PBXFileReference; explicitFileType = wrapper.cfbundle; includeInIndex = 0; path = "hackathon-appUITests.xctest"; sourceTree = BUILT_PRODUCTS_DIR; };
		3DFCA4E529B0912600D23E81 /* hackathon_appUITests.swift */ = {isa = PBXFileReference; lastKnownFileType = sourcecode.swift; path = hackathon_appUITests.swift; sourceTree = "<group>"; };
		3DFCA4E729B0912600D23E81 /* hackathon_appUITestsLaunchTests.swift */ = {isa = PBXFileReference; lastKnownFileType = sourcecode.swift; path = hackathon_appUITestsLaunchTests.swift; sourceTree = "<group>"; };
/* End PBXFileReference section */

/* Begin PBXFrameworksBuildPhase section */
		3DFCA4C429B0912500D23E81 /* Frameworks */ = {
			isa = PBXFrameworksBuildPhase;
			buildActionMask = 2147483647;
			files = (
			);
			runOnlyForDeploymentPostprocessing = 0;
		};
		3DFCA4D429B0912600D23E81 /* Frameworks */ = {
			isa = PBXFrameworksBuildPhase;
			buildActionMask = 2147483647;
			files = (
			);
			runOnlyForDeploymentPostprocessing = 0;
		};
		3DFCA4DE29B0912600D23E81 /* Frameworks */ = {
			isa = PBXFrameworksBuildPhase;
			buildActionMask = 2147483647;
			files = (
			);
			runOnlyForDeploymentPostprocessing = 0;
		};
/* End PBXFrameworksBuildPhase section */

/* Begin PBXGroup section */
		3DFCA4BE29B0912400D23E81 = {
			isa = PBXGroup;
			children = (
				3DFCA4C929B0912500D23E81 /* hackathon-app */,
				3DFCA4DA29B0912600D23E81 /* hackathon-appTests */,
				3DFCA4E429B0912600D23E81 /* hackathon-appUITests */,
				3DFCA4C829B0912500D23E81 /* Products */,
			);
			sourceTree = "<group>";
		};
		3DFCA4C829B0912500D23E81 /* Products */ = {
			isa = PBXGroup;
			children = (
				3DFCA4C729B0912500D23E81 /* hackathon-app.app */,
				3DFCA4D729B0912600D23E81 /* hackathon-appTests.xctest */,
				3DFCA4E129B0912600D23E81 /* hackathon-appUITests.xctest */,
			);
			name = Products;
			sourceTree = "<group>";
		};
		3DFCA4C929B0912500D23E81 /* hackathon-app */ = {
			isa = PBXGroup;
			children = (
				3DFCA4CA29B0912500D23E81 /* hackathon_appApp.swift */,
				3DFCA4CC29B0912500D23E81 /* ContentView.swift */,
				3DFCA4CE29B0912600D23E81 /* Assets.xcassets */,
				3DFCA4D029B0912600D23E81 /* Preview Content */,
			);
			path = "hackathon-app";
			sourceTree = "<group>";
		};
		3DFCA4D029B0912600D23E81 /* Preview Content */ = {
			isa = PBXGroup;
			children = (
				3DFCA4D129B0912600D23E81 /* Preview Assets.xcassets */,
			);
			path = "Preview Content";
			sourceTree = "<group>";
		};
		3DFCA4DA29B0912600D23E81 /* hackathon-appTests */ = {
			isa = PBXGroup;
			children = (
				3DFCA4DB29B0912600D23E81 /* hackathon_appTests.swift */,
			);
			path = "hackathon-appTests";
			sourceTree = "<group>";
		};
		3DFCA4E429B0912600D23E81 /* hackathon-appUITests */ = {
			isa = PBXGroup;
			children = (
				3DFCA4E529B0912600D23E81 /* hackathon_appUITests.swift */,
				3DFCA4E729B0912600D23E81 /* hackathon_appUITestsLaunchTests.swift */,
			);
			path = "hackathon-appUITests";
			sourceTree = "<group>";
		};
/* End PBXGroup section */

/* Begin PBXNativeTarget section */
		3DFCA4C629B0912500D23E81 /* hackathon-app */ = {
			isa = PBXNativeTarget;
			buildConfigurationList = 3DFCA4EB29B0912600D23E81 /* Build configuration list for PBXNativeTarget "hackathon-app" */;
			buildPhases = (
				3DFCA4C329B0912500D23E81 /* Sources */,
				3DFCA4C429B0912500D23E81 /* Frameworks */,
				3DFCA4C529B0912500D23E81 /* Resources */,
			);
			buildRules = (
			);
			dependencies = (
			);
			name = "hackathon-app";
			productName = "hackathon-app";
			productReference = 3DFCA4C729B0912500D23E81 /* hackathon-app.app */;
			productType = "com.apple.product-type.application";
		};
		3DFCA4D629B0912600D23E81 /* hackathon-appTests */ = {
			isa = PBXNativeTarget;
			buildConfigurationList = 3DFCA4EE29B0912600D23E81 /* Build configuration list for PBXNativeTarget "hackathon-appTests" */;
			buildPhases = (
				3DFCA4D329B0912600D23E81 /* Sources */,
				3DFCA4D429B0912600D23E81 /* Frameworks */,
				3DFCA4D529B0912600D23E81 /* Resources */,
			);
			buildRules = (
			);
			dependencies = (
				3DFCA4D929B0912600D23E81 /* PBXTargetDependency */,
			);
			name = "hackathon-appTests";
			productName = "hackathon-appTests";
			productReference = 3DFCA4D729B0912600D23E81 /* hackathon-appTests.xctest */;
			productType = "com.apple.product-type.bundle.unit-test";
		};
		3DFCA4E029B0912600D23E81 /* hackathon-appUITests */ = {
			isa = PBXNativeTarget;
			buildConfigurationList = 3DFCA4F129B0912600D23E81 /* Build configuration list for PBXNativeTarget "hackathon-appUITests" */;
			buildPhases = (
				3DFCA4DD29B0912600D23E81 /* Sources */,
				3DFCA4DE29B0912600D23E81 /* Frameworks */,
				3DFCA4DF29B0912600D23E81 /* Resources */,
			);
			buildRules = (
			);
			dependencies = (
				3DFCA4E329B0912600D23E81 /* PBXTargetDependency */,
			);
			name = "hackathon-appUITests";
			productName = "hackathon-appUITests";
			productReference = 3DFCA4E129B0912600D23E81 /* hackathon-appUITests.xctest */;
			productType = "com.apple.product-type.bundle.ui-testing";
		};
/* End PBXNativeTarget section */

/* Begin PBXProject section */
		3DFCA4BF29B0912400D23E81 /* Project object */ = {
			isa = PBXProject;
			attributes = {
				BuildIndependentTargetsInParallel = 1;
				LastSwiftUpdateCheck = 1420;
				LastUpgradeCheck = 1420;
				TargetAttributes = {
					3DFCA4C629B0912500D23E81 = {
						CreatedOnToolsVersion = 14.2;
					};
					3DFCA4D629B0912600D23E81 = {
						CreatedOnToolsVersion = 14.2;
						TestTargetID = 3DFCA4C629B0912500D23E81;
					};
					3DFCA4E029B0912600D23E81 = {
						CreatedOnToolsVersion = 14.2;
						TestTargetID = 3DFCA4C629B0912500D23E81;
					};
				};
			};
			buildConfigurationList = 3DFCA4C229B0912400D23E81 /* Build configuration list for PBXProject "hackathon-app" */;
			compatibilityVersion = "Xcode 14.0";
			developmentRegion = en;
			hasScannedForEncodings = 0;
			knownRegions = (
				en,
				Base,
			);
			mainGroup = 3DFCA4BE29B0912400D23E81;
			productRefGroup = 3DFCA4C829B0912500D23E81 /* Products */;
			projectDirPath = "";
			projectRoot = "";
			targets = (
				3DFCA4C629B0912500D23E81 /* hackathon-app */,
				3DFCA4D629B0912600D23E81 /* hackathon-appTests */,
				3DFCA4E029B0912600D23E81 /* hackathon-appUITests */,
			);
		};
/* End PBXProject section */

/* Begin PBXResourcesBuildPhase section */
		3DFCA4C529B0912500D23E81 /* Resources */ = {
			isa = PBXResourcesBuildPhase;
			buildActionMask = 2147483647;
			files = (
				3DFCA4D229B0912600D23E81 /* Preview Assets.xcassets in Resources */,
				3DFCA4CF29B0912600D23E81 /* Assets.xcassets in Resources */,
			);
			runOnlyForDeploymentPostprocessing = 0;
		};
		3DFCA4D529B0912600D23E81 /* Resources */ = {
			isa = PBXResourcesBuildPhase;
			buildActionMask = 2147483647;
			files = (
			);
			runOnlyForDeploymentPostprocessing = 0;
		};
		3DFCA4DF29B0912600D23E81 /* Resources */ = {
			isa = PBXResourcesBuildPhase;
			buildActionMask = 2147483647;
			files = (
			);
			runOnlyForDeploymentPostprocessing = 0;
		};
/* End PBXResourcesBuildPhase section */

/* Begin PBXSourcesBuildPhase section */
		3DFCA4C329B0912500D23E81 /* Sources */ = {
			isa = PBXSourcesBuildPhase;
			buildActionMask = 2147483647;
			files = (
				3DFCA4CD29B0912500D23E81 /* ContentView.swift in Sources */,
				3DFCA4CB29B0912500D23E81 /* hackathon_appApp.swift in Sources */,
			);
			runOnlyForDeploymentPostprocessing = 0;
		};
		3DFCA4D329B0912600D23E81 /* Sources */ = {
			isa = PBXSourcesBuildPhase;
			buildActionMask = 2147483647;
			files = (
				3DFCA4DC29B0912600D23E81 /* hackathon_appTests.swift in Sources */,
			);
			runOnlyForDeploymentPostprocessing = 0;
		};
		3DFCA4DD29B0912600D23E81 /* Sources */ = {
			isa = PBXSourcesBuildPhase;
			buildActionMask = 2147483647;
			files = (
				3DFCA4E829B0912600D23E81 /* hackathon_appUITestsLaunchTests.swift in Sources */,
				3DFCA4E629B0912600D23E81 /* hackathon_appUITests.swift in Sources */,
			);
			runOnlyForDeploymentPostprocessing = 0;
		};
/* End PBXSourcesBuildPhase section */

/* Begin PBXTargetDependency section */
		3DFCA4D929B0912600D23E81 /* PBXTargetDependency */ = {
			isa = PBXTargetDependency;
			target = 3DFCA4C629B0912500D23E81 /* hackathon-app */;
			targetProxy = 3DFCA4D829B0912600D23E81 /* PBXContainerItemProxy */;
		};
		3DFCA4E329B0912600D23E81 /* PBXTargetDependency */ = {
			isa = PBXTargetDependency;
			target = 3DFCA4C629B0912500D23E81 /* hackathon-app */;
			targetProxy = 3DFCA4E229B0912600D23E81 /* PBXContainerItemProxy */;
		};
/* End PBXTargetDependency section */

/* Begin XCBuildConfiguration section */
		3DFCA4E929B0912600D23E81 /* Debug */ = {
			isa = XCBuildConfiguration;
			buildSettings = {
				ALWAYS_SEARCH_USER_PATHS = NO;
				CLANG_ANALYZER_NONNULL = YES;
				CLANG_ANALYZER_NUMBER_OBJECT_CONVERSION = YES_AGGRESSIVE;
				CLANG_CXX_LANGUAGE_STANDARD = "gnu++20";
				CLANG_ENABLE_MODULES = YES;
				CLANG_ENABLE_OBJC_ARC = YES;
				CLANG_ENABLE_OBJC_WEAK = YES;
				CLANG_WARN_BLOCK_CAPTURE_AUTORELEASING = YES;
				CLANG_WARN_BOOL_CONVERSION = YES;
				CLANG_WARN_COMMA = YES;
				CLANG_WARN_CONSTANT_CONVERSION = YES;
				CLANG_WARN_DEPRECATED_OBJC_IMPLEMENTATIONS = YES;
				CLANG_WARN_DIRECT_OBJC_ISA_USAGE = YES_ERROR;
				CLANG_WARN_DOCUMENTATION_COMMENTS = YES;
				CLANG_WARN_EMPTY_BODY = YES;
				CLANG_WARN_ENUM_CONVERSION = YES;
				CLANG_WARN_INFINITE_RECURSION = YES;
				CLANG_WARN_INT_CONVERSION = YES;
				CLANG_WARN_NON_LITERAL_NULL_CONVERSION = YES;
				CLANG_WARN_OBJC_IMPLICIT_RETAIN_SELF = YES;
				CLANG_WARN_OBJC_LITERAL_CONVERSION = YES;
				CLANG_WARN_OBJC_ROOT_CLASS = YES_ERROR;
				CLANG_WARN_QUOTED_INCLUDE_IN_FRAMEWORK_HEADER = YES;
				CLANG_WARN_RANGE_LOOP_ANALYSIS = YES;
				CLANG_WARN_STRICT_PROTOTYPES = YES;
				CLANG_WARN_SUSPICIOUS_MOVE = YES;
				CLANG_WARN_UNGUARDED_AVAILABILITY = YES_AGGRESSIVE;
				CLANG_WARN_UNREACHABLE_CODE = YES;
				CLANG_WARN__DUPLICATE_METHOD_MATCH = YES;
				COPY_PHASE_STRIP = NO;
				DEBUG_INFORMATION_FORMAT = dwarf;
				ENABLE_STRICT_OBJC_MSGSEND = YES;
				ENABLE_TESTABILITY = YES;
				GCC_C_LANGUAGE_STANDARD = gnu11;
				GCC_DYNAMIC_NO_PIC = NO;
				GCC_NO_COMMON_BLOCKS = YES;
				GCC_OPTIMIZATION_LEVEL = 0;
				GCC_PREPROCESSOR_DEFINITIONS = (
					"DEBUG=1",
					"$(inherited)",
				);
				GCC_WARN_64_TO_32_BIT_CONVERSION = YES;
				GCC_WARN_ABOUT_RETURN_TYPE = YES_ERROR;
				GCC_WARN_UNDECLARED_SELECTOR = YES;
				GCC_WARN_UNINITIALIZED_AUTOS = YES_AGGRESSIVE;
				GCC_WARN_UNUSED_FUNCTION = YES;
				GCC_WARN_UNUSED_VARIABLE = YES;
				IPHONEOS_DEPLOYMENT_TARGET = 16.2;
				MTL_ENABLE_DEBUG_INFO = INCLUDE_SOURCE;
				MTL_FAST_MATH = YES;
				ONLY_ACTIVE_ARCH = YES;
				SDKROOT = iphoneos;
				SWIFT_ACTIVE_COMPILATION_CONDITIONS = DEBUG;
				SWIFT_OPTIMIZATION_LEVEL = "-Onone";
			};
			name = Debug;
		};
		3DFCA4EA29B0912600D23E81 /* Release */ = {
			isa = XCBuildConfiguration;
			buildSettings = {
				ALWAYS_SEARCH_USER_PATHS = NO;
				CLANG_ANALYZER_NONNULL = YES;
				CLANG_ANALYZER_NUMBER_OBJECT_CONVERSION = YES_AGGRESSIVE;
				CLANG_CXX_LANGUAGE_STANDARD = "gnu++20";
				CLANG_ENABLE_MODULES = YES;
				CLANG_ENABLE_OBJC_ARC = YES;
				CLANG_ENABLE_OBJC_WEAK = YES;
				CLANG_WARN_BLOCK_CAPTURE_AUTORELEASING = YES;
				CLANG_WARN_BOOL_CONVERSION = YES;
				CLANG_WARN_COMMA = YES;
				CLANG_WARN_CONSTANT_CONVERSION = YES;
				CLANG_WARN_DEPRECATED_OBJC_IMPLEMENTATIONS = YES;
				CLANG_WARN_DIRECT_OBJC_ISA_USAGE = YES_ERROR;
				CLANG_WARN_DOCUMENTATION_COMMENTS = YES;
				CLANG_WARN_EMPTY_BODY = YES;
				CLANG_WARN_ENUM_CONVERSION = YES;
				CLANG_WARN_INFINITE_RECURSION = YES;
				CLANG_WARN_INT_CONVERSION = YES;
				CLANG_WARN_NON_LITERAL_NULL_CONVERSION = YES;
				CLANG_WARN_OBJC_IMPLICIT_RETAIN_SELF = YES;
				CLANG_WARN_OBJC_LITERAL_CONVERSION = YES;
				CLANG_WARN_OBJC_ROOT_CLASS = YES_ERROR;
				CLANG_WARN_QUOTED_INCLUDE_IN_FRAMEWORK_HEADER = YES;
				CLANG_WARN_RANGE_LOOP_ANALYSIS = YES;
				CLANG_WARN_STRICT_PROTOTYPES = YES;
				CLANG_WARN_SUSPICIOUS_MOVE = YES;
				CLANG_WARN_UNGUARDED_AVAILABILITY = YES_AGGRESSIVE;
				CLANG_WARN_UNREACHABLE_CODE = YES;
				CLANG_WARN__DUPLICATE_METHOD_MATCH = YES;
				COPY_PHASE_STRIP = NO;
				DEBUG_INFORMATION_FORMAT = "dwarf-with-dsym";
				ENABLE_NS_ASSERTIONS = NO;
				ENABLE_STRICT_OBJC_MSGSEND = YES;
				GCC_C_LANGUAGE_STANDARD = gnu11;
				GCC_NO_COMMON_BLOCKS = YES;
				GCC_WARN_64_TO_32_BIT_CONVERSION = YES;
				GCC_WARN_ABOUT_RETURN_TYPE = YES_ERROR;
				GCC_WARN_UNDECLARED_SELECTOR = YES;
				GCC_WARN_UNINITIALIZED_AUTOS = YES_AGGRESSIVE;
				GCC_WARN_UNUSED_FUNCTION = YES;
				GCC_WARN_UNUSED_VARIABLE = YES;
				IPHONEOS_DEPLOYMENT_TARGET = 16.2;
				MTL_ENABLE_DEBUG_INFO = NO;
				MTL_FAST_MATH = YES;
				SDKROOT = iphoneos;
				SWIFT_COMPILATION_MODE = wholemodule;
				SWIFT_OPTIMIZATION_LEVEL = "-O";
				VALIDATE_PRODUCT = YES;
			};
			name = Release;
		};
		3DFCA4EC29B0912600D23E81 /* Debug */ = {
			isa = XCBuildConfiguration;
			buildSettings = {
				ASSETCATALOG_COMPILER_APPICON_NAME = AppIcon;
				ASSETCATALOG_COMPILER_GLOBAL_ACCENT_COLOR_NAME = AccentColor;
				CODE_SIGN_STYLE = Automatic;
				CURRENT_PROJECT_VERSION = 1;
				DEVELOPMENT_ASSET_PATHS = "\"hackathon-app/Preview Content\"";
				DEVELOPMENT_TEAM = 87QA297FUT;
				ENABLE_PREVIEWS = YES;
				GENERATE_INFOPLIST_FILE = YES;
				INFOPLIST_KEY_UIApplicationSceneManifest_Generation = YES;
				INFOPLIST_KEY_UIApplicationSupportsIndirectInputEvents = YES;
				INFOPLIST_KEY_UILaunchScreen_Generation = YES;
				INFOPLIST_KEY_UISupportedInterfaceOrientations_iPad = "UIInterfaceOrientationPortrait UIInterfaceOrientationPortraitUpsideDown UIInterfaceOrientationLandscapeLeft UIInterfaceOrientationLandscapeRight";
				INFOPLIST_KEY_UISupportedInterfaceOrientations_iPhone = "UIInterfaceOrientationPortrait UIInterfaceOrientationLandscapeLeft UIInterfaceOrientationLandscapeRight";
				LD_RUNPATH_SEARCH_PATHS = (
					"$(inherited)",
					"@executable_path/Frameworks",
				);
				MARKETING_VERSION = 1.0;
				PRODUCT_BUNDLE_IDENTIFIER = "com.kyoyaprog.hackathon-app";
				PRODUCT_NAME = "$(TARGET_NAME)";
				SWIFT_EMIT_LOC_STRINGS = YES;
				SWIFT_VERSION = 5.0;
				TARGETED_DEVICE_FAMILY = "1,2";
			};
			name = Debug;
		};
		3DFCA4ED29B0912600D23E81 /* Release */ = {
			isa = XCBuildConfiguration;
			buildSettings = {
				ASSETCATALOG_COMPILER_APPICON_NAME = AppIcon;
				ASSETCATALOG_COMPILER_GLOBAL_ACCENT_COLOR_NAME = AccentColor;
				CODE_SIGN_STYLE = Automatic;
				CURRENT_PROJECT_VERSION = 1;
				DEVELOPMENT_ASSET_PATHS = "\"hackathon-app/Preview Content\"";
				DEVELOPMENT_TEAM = 87QA297FUT;
				ENABLE_PREVIEWS = YES;
				GENERATE_INFOPLIST_FILE = YES;
				INFOPLIST_KEY_UIApplicationSceneManifest_Generation = YES;
				INFOPLIST_KEY_UIApplicationSupportsIndirectInputEvents = YES;
				INFOPLIST_KEY_UILaunchScreen_Generation = YES;
				INFOPLIST_KEY_UISupportedInterfaceOrientations_iPad = "UIInterfaceOrientationPortrait UIInterfaceOrientationPortraitUpsideDown UIInterfaceOrientationLandscapeLeft UIInterfaceOrientationLandscapeRight";
				INFOPLIST_KEY_UISupportedInterfaceOrientations_iPhone = "UIInterfaceOrientationPortrait UIInterfaceOrientationLandscapeLeft UIInterfaceOrientationLandscapeRight";
				LD_RUNPATH_SEARCH_PATHS = (
					"$(inherited)",
					"@executable_path/Frameworks",
				);
				MARKETING_VERSION = 1.0;
				PRODUCT_BUNDLE_IDENTIFIER = "com.kyoyaprog.hackathon-app";
				PRODUCT_NAME = "$(TARGET_NAME)";
				SWIFT_EMIT_LOC_STRINGS = YES;
				SWIFT_VERSION = 5.0;
				TARGETED_DEVICE_FAMILY = "1,2";
			};
			name = Release;
		};
		3DFCA4EF29B0912600D23E81 /* Debug */ = {
			isa = XCBuildConfiguration;
			buildSettings = {
				ALWAYS_EMBED_SWIFT_STANDARD_LIBRARIES = YES;
				BUNDLE_LOADER = "$(TEST_HOST)";
				CODE_SIGN_STYLE = Automatic;
				CURRENT_PROJECT_VERSION = 1;
				DEVELOPMENT_TEAM = 87QA297FUT;
				GENERATE_INFOPLIST_FILE = YES;
				IPHONEOS_DEPLOYMENT_TARGET = 16.2;
				MARKETING_VERSION = 1.0;
				PRODUCT_BUNDLE_IDENTIFIER = "com.kyoyaprog.hackathon-appTests";
				PRODUCT_NAME = "$(TARGET_NAME)";
				SWIFT_EMIT_LOC_STRINGS = NO;
				SWIFT_VERSION = 5.0;
				TARGETED_DEVICE_FAMILY = "1,2";
				TEST_HOST = "$(BUILT_PRODUCTS_DIR)/hackathon-app.app/$(BUNDLE_EXECUTABLE_FOLDER_PATH)/hackathon-app";
			};
			name = Debug;
		};
		3DFCA4F029B0912600D23E81 /* Release */ = {
			isa = XCBuildConfiguration;
			buildSettings = {
				ALWAYS_EMBED_SWIFT_STANDARD_LIBRARIES = YES;
				BUNDLE_LOADER = "$(TEST_HOST)";
				CODE_SIGN_STYLE = Automatic;
				CURRENT_PROJECT_VERSION = 1;
				DEVELOPMENT_TEAM = 87QA297FUT;
				GENERATE_INFOPLIST_FILE = YES;
				IPHONEOS_DEPLOYMENT_TARGET = 16.2;
				MARKETING_VERSION = 1.0;
				PRODUCT_BUNDLE_IDENTIFIER = "com.kyoyaprog.hackathon-appTests";
				PRODUCT_NAME = "$(TARGET_NAME)";
				SWIFT_EMIT_LOC_STRINGS = NO;
				SWIFT_VERSION = 5.0;
				TARGETED_DEVICE_FAMILY = "1,2";
				TEST_HOST = "$(BUILT_PRODUCTS_DIR)/hackathon-app.app/$(BUNDLE_EXECUTABLE_FOLDER_PATH)/hackathon-app";
			};
			name = Release;
		};
		3DFCA4F229B0912600D23E81 /* Debug */ = {
			isa = XCBuildConfiguration;
			buildSettings = {
				ALWAYS_EMBED_SWIFT_STANDARD_LIBRARIES = YES;
				CODE_SIGN_STYLE = Automatic;
				CURRENT_PROJECT_VERSION = 1;
				DEVELOPMENT_TEAM = 87QA297FUT;
				GENERATE_INFOPLIST_FILE = YES;
				MARKETING_VERSION = 1.0;
				PRODUCT_BUNDLE_IDENTIFIER = "com.kyoyaprog.hackathon-appUITests";
				PRODUCT_NAME = "$(TARGET_NAME)";
				SWIFT_EMIT_LOC_STRINGS = NO;
				SWIFT_VERSION = 5.0;
				TARGETED_DEVICE_FAMILY = "1,2";
				TEST_TARGET_NAME = "hackathon-app";
			};
			name = Debug;
		};
		3DFCA4F329B0912600D23E81 /* Release */ = {
			isa = XCBuildConfiguration;
			buildSettings = {
				ALWAYS_EMBED_SWIFT_STANDARD_LIBRARIES = YES;
				CODE_SIGN_STYLE = Automatic;
				CURRENT_PROJECT_VERSION = 1;
				DEVELOPMENT_TEAM = 87QA297FUT;
				GENERATE_INFOPLIST_FILE = YES;
				MARKETING_VERSION = 1.0;
				PRODUCT_BUNDLE_IDENTIFIER = "com.kyoyaprog.hackathon-appUITests";
				PRODUCT_NAME = "$(TARGET_NAME)";
				SWIFT_EMIT_LOC_STRINGS = NO;
				SWIFT_VERSION = 5.0;
				TARGETED_DEVICE_FAMILY = "1,2";
				TEST_TARGET_NAME = "hackathon-app";
			};
			name = Release;
		};
/* End XCBuildConfiguration section */

/* Begin XCConfigurationList section */
		3DFCA4C229B0912400D23E81 /* Build configuration list for PBXProject "hackathon-app" */ = {
			isa = XCConfigurationList;
			buildConfigurations = (
				3DFCA4E929B0912600D23E81 /* Debug */,
				3DFCA4EA29B0912600D23E81 /* Release */,
			);
			defaultConfigurationIsVisible = 0;
			defaultConfigurationName = Release;
		};
		3DFCA4EB29B0912600D23E81 /* Build configuration list for PBXNativeTarget "hackathon-app" */ = {
			isa = XCConfigurationList;
			buildConfigurations = (
				3DFCA4EC29B0912600D23E81 /* Debug */,
				3DFCA4ED29B0912600D23E81 /* Release */,
			);
			defaultConfigurationIsVisible = 0;
			defaultConfigurationName = Release;
		};
		3DFCA4EE29B0912600D23E81 /* Build configuration list for PBXNativeTarget "hackathon-appTests" */ = {
			isa = XCConfigurationList;
			buildConfigurations = (
				3DFCA4EF29B0912600D23E81 /* Debug */,
				3DFCA4F029B0912600D23E81 /* Release */,
			);
			defaultConfigurationIsVisible = 0;
			defaultConfigurationName = Release;
		};
		3DFCA4F129B0912600D23E81 /* Build configuration list for PBXNativeTarget "hackathon-appUITests" */ = {
			isa = XCConfigurationList;
			buildConfigurations = (
				3DFCA4F229B0912600D23E81 /* Debug */,
				3DFCA4F329B0912600D23E81 /* Release */,
			);
			defaultConfigurationIsVisible = 0;
			defaultConfigurationName = Release;
		};
/* End XCConfigurationList section */
	};
	rootObject = 3DFCA4BF29B0912400D23E81 /* Project object */;
}
